// !$*UTF8*$!
{
	archiveVersion = 1;
	classes = {
	};
	objectVersion = 46;
	objects = {

/* Begin PBXBuildFile section */
		03FC70E41E67F3C000A4C48F /* AppDelegate.swift in Sources */ = {isa = PBXBuildFile; fileRef = 03FC70E31E67F3C000A4C48F /* AppDelegate.swift */; };
		03FC70E61E67F3C000A4C48F /* ViewController.swift in Sources */ = {isa = PBXBuildFile; fileRef = 03FC70E51E67F3C000A4C48F /* ViewController.swift */; };
		03FC70E91E67F3C000A4C48F /* Main.storyboard in Resources */ = {isa = PBXBuildFile; fileRef = 03FC70E71E67F3C000A4C48F /* Main.storyboard */; };
		03FC70EB1E67F3C000A4C48F /* Assets.xcassets in Resources */ = {isa = PBXBuildFile; fileRef = 03FC70EA1E67F3C000A4C48F /* Assets.xcassets */; };
		03FC70EE1E67F3C000A4C48F /* LaunchScreen.storyboard in Resources */ = {isa = PBXBuildFile; fileRef = 03FC70EC1E67F3C000A4C48F /* LaunchScreen.storyboard */; };
/* End PBXBuildFile section */

/* Begin PBXFileReference section */
		03FC70E01E67F3C000A4C48F /* discountCalculator.app */ = {isa = PBXFileReference; explicitFileType = wrapper.application; includeInIndex = 0; path = discountCalculator.app; sourceTree = BUILT_PRODUCTS_DIR; };
		03FC70E31E67F3C000A4C48F /* AppDelegate.swift */ = {isa = PBXFileReference; lastKnownFileType = sourcecode.swift; path = AppDelegate.swift; sourceTree = "<group>"; };
		03FC70E51E67F3C000A4C48F /* ViewController.swift */ = {isa = PBXFileReference; lastKnownFileType = sourcecode.swift; path = ViewController.swift; sourceTree = "<group>"; };
		03FC70E81E67F3C000A4C48F /* Base */ = {isa = PBXFileReference; lastKnownFileType = file.storyboard; name = Base; path = Base.lproj/Main.storyboard; sourceTree = "<group>"; };
		03FC70EA1E67F3C000A4C48F /* Assets.xcassets */ = {isa = PBXFileReference; lastKnownFileType = folder.assetcatalog; path = Assets.xcassets; sourceTree = "<group>"; };
		03FC70ED1E67F3C000A4C48F /* Base */ = {isa = PBXFileReference; lastKnownFileType = file.storyboard; name = Base; path = Base.lproj/LaunchScreen.storyboard; sourceTree = "<group>"; };
		03FC70EF1E67F3C000A4C48F /* Info.plist */ = {isa = PBXFileReference; lastKnownFileType = text.plist.xml; path = Info.plist; sourceTree = "<group>"; };
/* End PBXFileReference section */

/* Begin PBXFrameworksBuildPhase section */
		03FC70DD1E67F3C000A4C48F /* Frameworks */ = {
			isa = PBXFrameworksBuildPhase;
			buildActionMask = 2147483647;
			files = (
			);
			runOnlyForDeploymentPostprocessing = 0;
		};
/* End PBXFrameworksBuildPhase section */

/* Begin PBXGroup section */
		03FC70D71E67F3C000A4C48F = {
			isa = PBXGroup;
			children = (
				03FC70E21E67F3C000A4C48F /* discountCalculator */,
				03FC70E11E67F3C000A4C48F /* Products */,
			);
			sourceTree = "<group>";
		};
		03FC70E11E67F3C000A4C48F /* Products */ = {
			isa = PBXGroup;
			children = (
				03FC70E01E67F3C000A4C48F /* discountCalculator.app */,
			);
			name = Products;
			sourceTree = "<group>";
		};
		03FC70E21E67F3C000A4C48F /* discountCalculator */ = {
			isa = PBXGroup;
			children = (
				03FC70E31E67F3C000A4C48F /* AppDelegate.swift */,
				03FC70E51E67F3C000A4C48F /* ViewController.swift */,
				03FC70E71E67F3C000A4C48F /* Main.storyboard */,
				03FC70EA1E67F3C000A4C48F /* Assets.xcassets */,
				03FC70EC1E67F3C000A4C48F /* LaunchScreen.storyboard */,
				03FC70EF1E67F3C000A4C48F /* Info.plist */,
			);
			path = discountCalculator;
			sourceTree = "<group>";
		};
/* End PBXGroup section */

/* Begin PBXNativeTarget section */
		03FC70DF1E67F3C000A4C48F /* discountCalculator */ = {
			isa = PBXNativeTarget;
			buildConfigurationList = 03FC70F21E67F3C000A4C48F /* Build configuration list for PBXNativeTarget "discountCalculator" */;
			buildPhases = (
				03FC70DC1E67F3C000A4C48F /* Sources */,
				03FC70DD1E67F3C000A4C48F /* Frameworks */,
				03FC70DE1E67F3C000A4C48F /* Resources */,
			);
			buildRules = (
			);
			dependencies = (
			);
			name = discountCalculator;
			productName = discountCalculator;
			productReference = 03FC70E01E67F3C000A4C48F /* discountCalculator.app */;
			productType = "com.apple.product-type.application";
		};
/* End PBXNativeTarget section */

/* Begin PBXProject section */
		03FC70D81E67F3C000A4C48F /* Project object */ = {
			isa = PBXProject;
			attributes = {
				LastSwiftUpdateCheck = 0820;
				LastUpgradeCheck = 0820;
				ORGANIZATIONNAME = "Joshua Marvel";
				TargetAttributes = {
					03FC70DF1E67F3C000A4C48F = {
						CreatedOnToolsVersion = 8.2.1;
						ProvisioningStyle = Automatic;
					};
				};
			};
			buildConfigurationList = 03FC70DB1E67F3C000A4C48F /* Build configuration list for PBXProject "discountCalculator" */;
			compatibilityVersion = "Xcode 3.2";
			developmentRegion = English;
			hasScannedForEncodings = 0;
			knownRegions = (
				en,
				Base,
			);
			mainGroup = 03FC70D71E67F3C000A4C48F;
			productRefGroup = 03FC70E11E67F3C000A4C48F /* Products */;
			projectDirPath = "";
			projectRoot = "";
			targets = (
				03FC70DF1E67F3C000A4C48F /* discountCalculator */,
			);
		};
/* End PBXProject section */

/* Begin PBXResourcesBuildPhase section */
		03FC70DE1E67F3C000A4C48F /* Resources */ = {
			isa = PBXResourcesBuildPhase;
			buildActionMask = 2147483647;
			files = (
				03FC70EE1E67F3C000A4C48F /* LaunchScreen.storyboard in Resources */,
				03FC70EB1E67F3C000A4C48F /* Assets.xcassets in Resources */,
				03FC70E91E67F3C000A4C48F /* Main.storyboard in Resources */,
			);
			runOnlyForDeploymentPostprocessing = 0;
		};
/* End PBXResourcesBuildPhase section */

/* Begin PBXSourcesBuildPhase section */
		03FC70DC1E67F3C000A4C48F /* Sources */ = {
			isa = PBXSourcesBuildPhase;
			buildActionMask = 2147483647;
			files = (
				03FC70E61E67F3C000A4C48F /* ViewController.swift in Sources */,
				03FC70E41E67F3C000A4C48F /* AppDelegate.swift in Sources */,
			);
			runOnlyForDeploymentPostprocessing = 0;
		};
/* End PBXSourcesBuildPhase section */

/* Begin PBXVariantGroup section */
		03FC70E71E67F3C000A4C48F /* Main.storyboard */ = {
			isa = PBXVariantGroup;
			children = (
				03FC70E81E67F3C000A4C48F /* Base */,
			);
			name = Main.storyboard;
			sourceTree = "<group>";
		};
		03FC70EC1E67F3C000A4C48F /* LaunchScreen.storyboard */ = {
			isa = PBXVariantGroup;
			children = (
				03FC70ED1E67F3C000A4C48F /* Base */,
			);
			name = LaunchScreen.storyboard;
			sourceTree = "<group>";
		};
/* End PBXVariantGroup section */

/* Begin XCBuildConfiguration section */
		03FC70F01E67F3C000A4C48F /* Debug */ = {
			isa = XCBuildConfiguration;
			buildSettings = {
				ALWAYS_SEARCH_USER_PATHS = NO;
				CLANG_ANALYZER_NONNULL = YES;
				CLANG_CXX_LANGUAGE_STANDARD = "gnu++0x";
				CLANG_CXX_LIBRARY = "libc++";
				CLANG_ENABLE_MODULES = YES;
				CLANG_ENABLE_OBJC_ARC = YES;
				CLANG_WARN_BOOL_CONVERSION = YES;
				CLANG_WARN_CONSTANT_CONVERSION = YES;
				CLANG_WARN_DIRECT_OBJC_ISA_USAGE = YES_ERROR;
				CLANG_WARN_DOCUMENTATION_COMMENTS = YES;
				CLANG_WARN_EMPTY_BODY = YES;
				CLANG_WARN_ENUM_CONVERSION = YES;
				CLANG_WARN_INFINITE_RECURSION = YES;
				CLANG_WARN_INT_CONVERSION = YES;
				CLANG_WARN_OBJC_ROOT_CLASS = YES_ERROR;
				CLANG_WARN_SUSPICIOUS_MOVE = YES;
				CLANG_WARN_UNREACHABLE_CODE = YES;
				CLANG_WARN__DUPLICATE_METHOD_MATCH = YES;
				"CODE_SIGN_IDENTITY[sdk=iphoneos*]" = "iPhone Developer";
				COPY_PHASE_STRIP = NO;
				DEBUG_INFORMATION_FORMAT = dwarf;
				ENABLE_STRICT_OBJC_MSGSEND = YES;
				ENABLE_TESTABILITY = YES;
				GCC_C_LANGUAGE_STANDARD = gnu99;
				GCC_DYNAMIC_NO_PIC = NO;
				GCC_NO_COMMON_BLOCKS = YES;
				GCC_OPTIMIZATION_LEVEL = 0;
				GCC_PREPROCESSOR_DEFINITIONS = (
					"DEBUG=1",
					"$(inherited)",
				);
				GCC_WARN_64_TO_32_BIT_CONVERSION = YES;
				GCC_WARN_ABOUT_RETURN_TYPE = YES_ERROR;
				GCC_WARN_UNDECLARED_SELECTOR = YES;
				GCC_WARN_UNINITIALIZED_AUTOS = YES_AGGRESSIVE;
				GCC_WARN_UNUSED_FUNCTION = YES;
				GCC_WARN_UNUSED_VARIABLE = YES;
				IPHONEOS_DEPLOYMENT_TARGET = 10.2;
				MTL_ENABLE_DEBUG_INFO = YES;
				ONLY_ACTIVE_ARCH = YES;
				SDKROOT = iphoneos;
				SWIFT_ACTIVE_COMPILATION_CONDITIONS = DEBUG;
				SWIFT_OPTIMIZATION_LEVEL = "-Onone";
				TARGETED_DEVICE_FAMILY = "1,2";
			};
			name = Debug;
		};
		03FC70F11E67F3C000A4C48F /* Release */ = {
			isa = XCBuildConfiguration;
			buildSettings = {
				ALWAYS_SEARCH_USER_PATHS = NO;
				CLANG_ANALYZER_NONNULL = YES;
				CLANG_CXX_LANGUAGE_STANDARD = "gnu++0x";
				CLANG_CXX_LIBRARY = "libc++";
				CLANG_ENABLE_MODULES = YES;
				CLANG_ENABLE_OBJC_ARC = YES;
				CLANG_WARN_BOOL_CONVERSION = YES;
				CLANG_WARN_CONSTANT_CONVERSION = YES;
				CLANG_WARN_DIRECT_OBJC_ISA_USAGE = YES_ERROR;
				CLANG_WARN_DOCUMENTATION_COMMENTS = YES;
				CLANG_WARN_EMPTY_BODY = YES;
				CLANG_WARN_ENUM_CONVERSION = YES;
				CLANG_WARN_INFINITE_RECURSION = YES;
				CLANG_WARN_INT_CONVERSION = YES;
				CLANG_WARN_OBJC_ROOT_CLASS = YES_ERROR;
				CLANG_WARN_SUSPICIOUS_MOVE = YES;
				CLANG_WARN_UNREACHABLE_CODE = YES;
				CLANG_WARN__DUPLICATE_METHOD_MATCH = YES;
				"CODE_SIGN_IDENTITY[sdk=iphoneos*]" = "iPhone Developer";
				COPY_PHASE_STRIP = NO;
				DEBUG_INFORMATION_FORMAT = "dwarf-with-dsym";
				ENABLE_NS_ASSERTIONS = NO;
				ENABLE_STRICT_OBJC_MSGSEND = YES;
				GCC_C_LANGUAGE_STANDARD = gnu99;
				GCC_NO_COMMON_BLOCKS = YES;
				GCC_WARN_64_TO_32_BIT_CONVERSION = YES;
				GCC_WARN_ABOUT_RETURN_TYPE = YES_ERROR;
				GCC_WARN_UNDECLARED_SELECTOR = YES;
				GCC_WARN_UNINITIALIZED_AUTOS = YES_AGGRESSIVE;
				GCC_WARN_UNUSED_FUNCTION = YES;
				GCC_WARN_UNUSED_VARIABLE = YES;
				IPHONEOS_DEPLOYMENT_TARGET = 10.2;
				MTL_ENABLE_DEBUG_INFO = NO;
				SDKROOT = iphoneos;
				SWIFT_OPTIMIZATION_LEVEL = "-Owholemodule";
				TARGETED_DEVICE_FAMILY = "1,2";
				VALIDATE_PRODUCT = YES;
			};
			name = Release;
		};
		03FC70F31E67F3C000A4C48F /* Debug */ = {
			isa = XCBuildConfiguration;
			buildSettings = {
				ASSETCATALOG_COMPILER_APPICON_NAME = AppIcon;
				INFOPLIST_FILE = discountCalculator/Info.plist;
				LD_RUNPATH_SEARCH_PATHS = "$(inherited) @executable_path/Frameworks";
				PRODUCT_BUNDLE_IDENTIFIER = CPSC411.discountCalculator;
				PRODUCT_NAME = "$(TARGET_NAME)";
				SWIFT_VERSION = 3.0;
			};
			name = Debug;
		};
		03FC70F41E67F3C000A4C48F /* Release */ = {
			isa = XCBuildConfiguration;
			buildSettings = {
				ASSETCATALOG_COMPILER_APPICON_NAME = AppIcon;
				INFOPLIST_FILE = discountCalculator/Info.plist;
				LD_RUNPATH_SEARCH_PATHS = "$(inherited) @executable_path/Frameworks";
				PRODUCT_BUNDLE_IDENTIFIER = CPSC411.discountCalculator;
				PRODUCT_NAME = "$(TARGET_NAME)";
				SWIFT_VERSION = 3.0;
			};
			name = Release;
		};
/* End XCBuildConfiguration section */

/* Begin XCConfigurationList section */
		03FC70DB1E67F3C000A4C48F /* Build configuration list for PBXProject "discountCalculator" */ = {
			isa = XCConfigurationList;
			buildConfigurations = (
				03FC70F01E67F3C000A4C48F /* Debug */,
				03FC70F11E67F3C000A4C48F /* Release */,
			);
			defaultConfigurationIsVisible = 0;
			defaultConfigurationName = Release;
		};
		03FC70F21E67F3C000A4C48F /* Build configuration list for PBXNativeTarget "discountCalculator" */ = {
			isa = XCConfigurationList;
			buildConfigurations = (
				03FC70F31E67F3C000A4C48F /* Debug */,
				03FC70F41E67F3C000A4C48F /* Release */,
			);
			defaultConfigurationIsVisible = 0;
		};
/* End XCConfigurationList section */
	};
	rootObject = 03FC70D81E67F3C000A4C48F /* Project object */;
}
